{
  "nodes": {
    "nixpkgs": {
      "locked": {
        "lastModified": 1786514691,
        "narHash": "sha256-9dkt1i5JNbEfPb+EjLcSDNs8zqEHQ/1JlSaKgj0SBAg=",
        "owner": "nixos",
        "repo": "nixpkgs",
        "rev": "867dcbc30bafe3c862ef88620f2e7a109d7d3be5",
        "type": "github"
      },
      "original": {
        "owner": "nixos",
        "ref": "nixos-unstable",
        "repo": "nixpkgs",
        "type": "github"
      }
    },
    "nixpkgsveryold": {
      "locked": {
        "lastModified": 1659446231,
        "narHash": "sha256-hekabNdTdgR/iLsgce5TGWmfIDZ86qjPhxDg/8TlzhE=",
        "owner": "nixos",
        "repo": "nixpkgs",
        "rev": "eabc38219184cc3e04a974fe31857d8e0eac098d",
        "type": "github"
      },
      "original": {
        "owner": "nixos",
        "ref": "nixos-21.11",
        "repo": "nixpkgs",
        "type": "github"
      }
    },
    "noctalia": {
      "inputs": {
        "nixpkgs": [
          "nixpkgs"
        ]
      },
      "locked": {
        "lastModified": 1786614852,
        "narHash": "sha256-N6PmuyFTeZuBzh22oUwoS/Z5nZQE7zOyJNJG9VObElg=",
        "owner": "noctalia-dev",
        "repo": "noctalia",
        "rev": "b5999d053d3a8078271dbf87e1bb715ef104f6ea",
        "type": "github"
      },
      "original": {
        "owner": "noctalia-dev",
        "repo": "noctalia",
        "type": "github"
      }
    },
    "root": {
      "inputs": {
        "nixpkgs": "nixpkgs",
        "nixpkgsveryold": "nixpkgsveryold",
        "noctalia": "noctalia"
      }
    }
  },
  "root": "root",
  "version": 7
}
